
Microsoft Visual Studio Solution File, Format Version 12.00
# Visual Studio Version 16
VisualStudioVersion = 16.0.29806.167
MinimumVisualStudioVersion = 10.0.40219.1
Project("{9A19103F-16F7-4668-BE54-9A1E7A4F7556}") = "Interview.Puzzles", "Interview.Puzzles\Interview.Puzzles.csproj", "{98373453-CC88-4A0E-B432-516C1BF9035E}"
EndProject
Global
	GlobalSection(SolutionConfigurationPlatforms) = preSolution
		Debug|Any CPU = Debug|Any CPU
		Release|Any CPU = Release|Any CPU
	EndGlobalSection
	GlobalSection(ProjectConfigurationPlatforms) = postSolution
		{98373453-CC88-4A0E-B432-516C1BF9035E}.Debug|Any CPU.ActiveCfg = Debug|Any CPU
		{98373453-CC88-4A0E-B432-516C1BF9035E}.Debug|Any CPU.Build.0 = Debug|Any CPU
		{98373453-CC88-4A0E-B432-516C1BF9035E}.Release|Any CPU.ActiveCfg = Release|Any CPU
		{98373453-CC88-4A0E-B432-516C1BF9035E}.Release|Any CPU.Build.0 = Release|Any CPU
	EndGlobalSection
	GlobalSection(SolutionProperties) = preSolution
		HideSolutionNode = FALSE
	EndGlobalSection
	GlobalSection(ExtensibilityGlobals) = postSolution
		SolutionGuid = {432DBE20-07E7-47F8-914F-1D9593115429}
	EndGlobalSection
EndGlobal
